// !$*UTF8*$!
{
	archiveVersion = 1;
	classes = {
	};
	objectVersion = 50;
	objects = {

/* Begin PBXBuildFile section */
		1FA62875AC379D685BA19EA6 /* Pods_Swing_DataTests.framework in Frameworks */ = {isa = PBXBuildFile; fileRef = F5F264E27C04BEB2CFE41C21 /* Pods_Swing_DataTests.framework */; };
		78483A2C2326EE7000AA8362 /* AppDelegate.swift in Sources */ = {isa = PBXBuildFile; fileRef = 78483A2B2326EE7000AA8362 /* AppDelegate.swift */; };
		78483A2E2326EE7000AA8362 /* ViewController.swift in Sources */ = {isa = PBXBuildFile; fileRef = 78483A2D2326EE7000AA8362 /* ViewController.swift */; };
		78483A312326EE7000AA8362 /* Main.storyboard in Resources */ = {isa = PBXBuildFile; fileRef = 78483A2F2326EE7000AA8362 /* Main.storyboard */; };
		78483A332326EE7400AA8362 /* Assets.xcassets in Resources */ = {isa = PBXBuildFile; fileRef = 78483A322326EE7400AA8362 /* Assets.xcassets */; };
		78483A362326EE7400AA8362 /* LaunchScreen.storyboard in Resources */ = {isa = PBXBuildFile; fileRef = 78483A342326EE7400AA8362 /* LaunchScreen.storyboard */; };
		78483A412326EE7400AA8362 /* Swing_DataTests.swift in Sources */ = {isa = PBXBuildFile; fileRef = 78483A402326EE7400AA8362 /* Swing_DataTests.swift */; };
		78483A4C2326EE7400AA8362 /* Swing_DataUITests.swift in Sources */ = {isa = PBXBuildFile; fileRef = 78483A4B2326EE7400AA8362 /* Swing_DataUITests.swift */; };
		78483A5A2326EEAE00AA8362 /* SwingData.swift in Sources */ = {isa = PBXBuildFile; fileRef = 78483A592326EEAE00AA8362 /* SwingData.swift */; };
		78483A5B2326EEAE00AA8362 /* SwingData.swift in Sources */ = {isa = PBXBuildFile; fileRef = 78483A592326EEAE00AA8362 /* SwingData.swift */; };
		78483A5D2326F28F00AA8362 /* latestSwing.csv in Resources */ = {isa = PBXBuildFile; fileRef = 78483A5C2326F28F00AA8362 /* latestSwing.csv */; };
		78483A5E2326F28F00AA8362 /* latestSwing.csv in Resources */ = {isa = PBXBuildFile; fileRef = 78483A5C2326F28F00AA8362 /* latestSwing.csv */; };
		78483A5F2326F28F00AA8362 /* latestSwing.csv in Resources */ = {isa = PBXBuildFile; fileRef = 78483A5C2326F28F00AA8362 /* latestSwing.csv */; };
		78483A612326FE6400AA8362 /* CSV_Manipulation.swift in Sources */ = {isa = PBXBuildFile; fileRef = 78483A602326FE6400AA8362 /* CSV_Manipulation.swift */; };
		78483A622326FE6400AA8362 /* CSV_Manipulation.swift in Sources */ = {isa = PBXBuildFile; fileRef = 78483A602326FE6400AA8362 /* CSV_Manipulation.swift */; };
		78483A632326FE6400AA8362 /* CSV_Manipulation.swift in Sources */ = {isa = PBXBuildFile; fileRef = 78483A602326FE6400AA8362 /* CSV_Manipulation.swift */; };
		78483A642327DEC900AA8362 /* Main.storyboard in Resources */ = {isa = PBXBuildFile; fileRef = 78483A2F2326EE7000AA8362 /* Main.storyboard */; };
		78483A672327E11000AA8362 /* baseballBackground.png in Resources */ = {isa = PBXBuildFile; fileRef = 78483A662327E11000AA8362 /* baseballBackground.png */; };
		78483A682327E11000AA8362 /* baseballBackground.png in Resources */ = {isa = PBXBuildFile; fileRef = 78483A662327E11000AA8362 /* baseballBackground.png */; };
		78483A692327E11000AA8362 /* baseballBackground.png in Resources */ = {isa = PBXBuildFile; fileRef = 78483A662327E11000AA8362 /* baseballBackground.png */; };
		78483A732327F4FD00AA8362 /* baseballBackground@3x.png in Resources */ = {isa = PBXBuildFile; fileRef = 78483A722327F4FD00AA8362 /* baseballBackground@3x.png */; };
		78483A742327F4FD00AA8362 /* baseballBackground@3x.png in Resources */ = {isa = PBXBuildFile; fileRef = 78483A722327F4FD00AA8362 /* baseballBackground@3x.png */; };
		78483A752327F4FD00AA8362 /* baseballBackground@3x.png in Resources */ = {isa = PBXBuildFile; fileRef = 78483A722327F4FD00AA8362 /* baseballBackground@3x.png */; };
		78483A782328144100AA8362 /* StyledButton.swift in Sources */ = {isa = PBXBuildFile; fileRef = 78483A772328144100AA8362 /* StyledButton.swift */; };
		78483A792328144100AA8362 /* StyledButton.swift in Sources */ = {isa = PBXBuildFile; fileRef = 78483A772328144100AA8362 /* StyledButton.swift */; };
		78483A7A2328144100AA8362 /* StyledButton.swift in Sources */ = {isa = PBXBuildFile; fileRef = 78483A772328144100AA8362 /* StyledButton.swift */; };
		78F1FAC723284FCD0085BA7D /* baseballBackground@2x.png in Resources */ = {isa = PBXBuildFile; fileRef = 78F1FAC623284FCD0085BA7D /* baseballBackground@2x.png */; };
		78F1FAC823284FCD0085BA7D /* baseballBackground@2x.png in Resources */ = {isa = PBXBuildFile; fileRef = 78F1FAC623284FCD0085BA7D /* baseballBackground@2x.png */; };
		78F1FAC923284FCD0085BA7D /* baseballBackground@2x.png in Resources */ = {isa = PBXBuildFile; fileRef = 78F1FAC623284FCD0085BA7D /* baseballBackground@2x.png */; };
		78F1FACB23285CA50085BA7D /* PopupViewController.swift in Sources */ = {isa = PBXBuildFile; fileRef = 78F1FACA23285CA50085BA7D /* PopupViewController.swift */; };
		78F1FACC23285CA50085BA7D /* PopupViewController.swift in Sources */ = {isa = PBXBuildFile; fileRef = 78F1FACA23285CA50085BA7D /* PopupViewController.swift */; };
		78F1FACD23285CA50085BA7D /* PopupViewController.swift in Sources */ = {isa = PBXBuildFile; fileRef = 78F1FACA23285CA50085BA7D /* PopupViewController.swift */; };
		937D0FABB7F240B0D4D8AA7A /* Pods_Swing_Data.framework in Frameworks */ = {isa = PBXBuildFile; fileRef = 7C179D59CC58A44C2A657E25 /* Pods_Swing_Data.framework */; };
		B5021B6ABFF1F678A8ACAB68 /* Pods_Swing_DataUITests.framework in Frameworks */ = {isa = PBXBuildFile; fileRef = AA2306E56942409BC7E17048 /* Pods_Swing_DataUITests.framework */; };
/* End PBXBuildFile section */

/* Begin PBXContainerItemProxy section */
		78483A3D2326EE7400AA8362 /* PBXContainerItemProxy */ = {
			isa = PBXContainerItemProxy;
			containerPortal = 78483A202326EE7000AA8362 /* Project object */;
			proxyType = 1;
			remoteGlobalIDString = 78483A272326EE7000AA8362;
			remoteInfo = "Swing Data";
		};
		78483A482326EE7400AA8362 /* PBXContainerItemProxy */ = {
			isa = PBXContainerItemProxy;
			containerPortal = 78483A202326EE7000AA8362 /* Project object */;
			proxyType = 1;
			remoteGlobalIDString = 78483A272326EE7000AA8362;
			remoteInfo = "Swing Data";
		};
/* End PBXContainerItemProxy section */

/* Begin PBXFileReference section */
		2622C87B1CD8D7CC75D35F67 /* Pods-Swing Data.release.xcconfig */ = {isa = PBXFileReference; includeInIndex = 1; lastKnownFileType = text.xcconfig; name = "Pods-Swing Data.release.xcconfig"; path = "Pods/Target Support Files/Pods-Swing Data/Pods-Swing Data.release.xcconfig"; sourceTree = "<group>"; };
		64186AECF33CE22DD711D1DF /* Pods-Swing DataTests.release.xcconfig */ = {isa = PBXFileReference; includeInIndex = 1; lastKnownFileType = text.xcconfig; name = "Pods-Swing DataTests.release.xcconfig"; path = "Pods/Target Support Files/Pods-Swing DataTests/Pods-Swing DataTests.release.xcconfig"; sourceTree = "<group>"; };
		78483A282326EE7000AA8362 /* Swing Data.app */ = {isa = PBXFileReference; explicitFileType = wrapper.application; includeInIndex = 0; path = "Swing Data.app"; sourceTree = BUILT_PRODUCTS_DIR; };
		78483A2B2326EE7000AA8362 /* AppDelegate.swift */ = {isa = PBXFileReference; lastKnownFileType = sourcecode.swift; path = AppDelegate.swift; sourceTree = "<group>"; };
		78483A2D2326EE7000AA8362 /* ViewController.swift */ = {isa = PBXFileReference; lastKnownFileType = sourcecode.swift; path = ViewController.swift; sourceTree = "<group>"; };
		78483A302326EE7000AA8362 /* Base */ = {isa = PBXFileReference; lastKnownFileType = file.storyboard; name = Base; path = Base.lproj/Main.storyboard; sourceTree = "<group>"; };
		78483A322326EE7400AA8362 /* Assets.xcassets */ = {isa = PBXFileReference; lastKnownFileType = folder.assetcatalog; path = Assets.xcassets; sourceTree = "<group>"; };
		78483A352326EE7400AA8362 /* Base */ = {isa = PBXFileReference; lastKnownFileType = file.storyboard; name = Base; path = Base.lproj/LaunchScreen.storyboard; sourceTree = "<group>"; };
		78483A372326EE7400AA8362 /* Info.plist */ = {isa = PBXFileReference; lastKnownFileType = text.plist.xml; path = Info.plist; sourceTree = "<group>"; };
		78483A3C2326EE7400AA8362 /* Swing DataTests.xctest */ = {isa = PBXFileReference; explicitFileType = wrapper.cfbundle; includeInIndex = 0; path = "Swing DataTests.xctest"; sourceTree = BUILT_PRODUCTS_DIR; };
		78483A402326EE7400AA8362 /* Swing_DataTests.swift */ = {isa = PBXFileReference; lastKnownFileType = sourcecode.swift; path = Swing_DataTests.swift; sourceTree = "<group>"; };
		78483A422326EE7400AA8362 /* Info.plist */ = {isa = PBXFileReference; lastKnownFileType = text.plist.xml; path = Info.plist; sourceTree = "<group>"; };
		78483A472326EE7400AA8362 /* Swing DataUITests.xctest */ = {isa = PBXFileReference; explicitFileType = wrapper.cfbundle; includeInIndex = 0; path = "Swing DataUITests.xctest"; sourceTree = BUILT_PRODUCTS_DIR; };
		78483A4B2326EE7400AA8362 /* Swing_DataUITests.swift */ = {isa = PBXFileReference; lastKnownFileType = sourcecode.swift; path = Swing_DataUITests.swift; sourceTree = "<group>"; };
		78483A4D2326EE7400AA8362 /* Info.plist */ = {isa = PBXFileReference; lastKnownFileType = text.plist.xml; path = Info.plist; sourceTree = "<group>"; };
		78483A592326EEAE00AA8362 /* SwingData.swift */ = {isa = PBXFileReference; lastKnownFileType = sourcecode.swift; path = SwingData.swift; sourceTree = "<group>"; };
		78483A5C2326F28F00AA8362 /* latestSwing.csv */ = {isa = PBXFileReference; fileEncoding = 4; lastKnownFileType = text; path = latestSwing.csv; sourceTree = "<group>"; };
		78483A602326FE6400AA8362 /* CSV_Manipulation.swift */ = {isa = PBXFileReference; lastKnownFileType = sourcecode.swift; path = CSV_Manipulation.swift; sourceTree = "<group>"; };
		78483A662327E11000AA8362 /* baseballBackground.png */ = {isa = PBXFileReference; lastKnownFileType = image.png; path = baseballBackground.png; sourceTree = "<group>"; };
		78483A722327F4FD00AA8362 /* baseballBackground@3x.png */ = {isa = PBXFileReference; lastKnownFileType = image.png; path = "baseballBackground@3x.png"; sourceTree = "<group>"; };
		78483A772328144100AA8362 /* StyledButton.swift */ = {isa = PBXFileReference; lastKnownFileType = sourcecode.swift; path = StyledButton.swift; sourceTree = "<group>"; };
		78F1FAC623284FCD0085BA7D /* baseballBackground@2x.png */ = {isa = PBXFileReference; lastKnownFileType = image.png; path = "baseballBackground@2x.png"; sourceTree = "<group>"; };
		78F1FACA23285CA50085BA7D /* PopupViewController.swift */ = {isa = PBXFileReference; lastKnownFileType = sourcecode.swift; path = PopupViewController.swift; sourceTree = "<group>"; };
		7C179D59CC58A44C2A657E25 /* Pods_Swing_Data.framework */ = {isa = PBXFileReference; explicitFileType = wrapper.framework; includeInIndex = 0; path = Pods_Swing_Data.framework; sourceTree = BUILT_PRODUCTS_DIR; };
		AA2306E56942409BC7E17048 /* Pods_Swing_DataUITests.framework */ = {isa = PBXFileReference; explicitFileType = wrapper.framework; includeInIndex = 0; path = Pods_Swing_DataUITests.framework; sourceTree = BUILT_PRODUCTS_DIR; };
		B18D4990F782D55FE31E8105 /* Pods-Swing DataUITests.release.xcconfig */ = {isa = PBXFileReference; includeInIndex = 1; lastKnownFileType = text.xcconfig; name = "Pods-Swing DataUITests.release.xcconfig"; path = "Pods/Target Support Files/Pods-Swing DataUITests/Pods-Swing DataUITests.release.xcconfig"; sourceTree = "<group>"; };
		B5ED7EE843E034A9C4FE68C9 /* Pods-Swing DataUITests.debug.xcconfig */ = {isa = PBXFileReference; includeInIndex = 1; lastKnownFileType = text.xcconfig; name = "Pods-Swing DataUITests.debug.xcconfig"; path = "Pods/Target Support Files/Pods-Swing DataUITests/Pods-Swing DataUITests.debug.xcconfig"; sourceTree = "<group>"; };
		C8608181CBD05210D0304CB6 /* Pods-Swing DataTests.debug.xcconfig */ = {isa = PBXFileReference; includeInIndex = 1; lastKnownFileType = text.xcconfig; name = "Pods-Swing DataTests.debug.xcconfig"; path = "Pods/Target Support Files/Pods-Swing DataTests/Pods-Swing DataTests.debug.xcconfig"; sourceTree = "<group>"; };
		E1065BBFBCCA6E500E13AC40 /* Pods-Swing Data.debug.xcconfig */ = {isa = PBXFileReference; includeInIndex = 1; lastKnownFileType = text.xcconfig; name = "Pods-Swing Data.debug.xcconfig"; path = "Pods/Target Support Files/Pods-Swing Data/Pods-Swing Data.debug.xcconfig"; sourceTree = "<group>"; };
		F5F264E27C04BEB2CFE41C21 /* Pods_Swing_DataTests.framework */ = {isa = PBXFileReference; explicitFileType = wrapper.framework; includeInIndex = 0; path = Pods_Swing_DataTests.framework; sourceTree = BUILT_PRODUCTS_DIR; };
/* End PBXFileReference section */

/* Begin PBXFrameworksBuildPhase section */
		78483A252326EE7000AA8362 /* Frameworks */ = {
			isa = PBXFrameworksBuildPhase;
			buildActionMask = 2147483647;
			files = (
				937D0FABB7F240B0D4D8AA7A /* Pods_Swing_Data.framework in Frameworks */,
			);
			runOnlyForDeploymentPostprocessing = 0;
		};
		78483A392326EE7400AA8362 /* Frameworks */ = {
			isa = PBXFrameworksBuildPhase;
			buildActionMask = 2147483647;
			files = (
				1FA62875AC379D685BA19EA6 /* Pods_Swing_DataTests.framework in Frameworks */,
			);
			runOnlyForDeploymentPostprocessing = 0;
		};
		78483A442326EE7400AA8362 /* Frameworks */ = {
			isa = PBXFrameworksBuildPhase;
			buildActionMask = 2147483647;
			files = (
				B5021B6ABFF1F678A8ACAB68 /* Pods_Swing_DataUITests.framework in Frameworks */,
			);
			runOnlyForDeploymentPostprocessing = 0;
		};
/* End PBXFrameworksBuildPhase section */

/* Begin PBXGroup section */
		114C8EEB8B709B6C5F081422 /* Pods */ = {
			isa = PBXGroup;
			children = (
				E1065BBFBCCA6E500E13AC40 /* Pods-Swing Data.debug.xcconfig */,
				2622C87B1CD8D7CC75D35F67 /* Pods-Swing Data.release.xcconfig */,
				C8608181CBD05210D0304CB6 /* Pods-Swing DataTests.debug.xcconfig */,
				64186AECF33CE22DD711D1DF /* Pods-Swing DataTests.release.xcconfig */,
				B5ED7EE843E034A9C4FE68C9 /* Pods-Swing DataUITests.debug.xcconfig */,
				B18D4990F782D55FE31E8105 /* Pods-Swing DataUITests.release.xcconfig */,
			);
			name = Pods;
			sourceTree = "<group>";
		};
		71ECB886DA7827896EC35A76 /* Frameworks */ = {
			isa = PBXGroup;
			children = (
				7C179D59CC58A44C2A657E25 /* Pods_Swing_Data.framework */,
				F5F264E27C04BEB2CFE41C21 /* Pods_Swing_DataTests.framework */,
				AA2306E56942409BC7E17048 /* Pods_Swing_DataUITests.framework */,
			);
			name = Frameworks;
			sourceTree = "<group>";
		};
		78483A1F2326EE7000AA8362 = {
			isa = PBXGroup;
			children = (
				78483A2A2326EE7000AA8362 /* Swing Data */,
				78483A3F2326EE7400AA8362 /* Swing DataTests */,
				78483A4A2326EE7400AA8362 /* Swing DataUITests */,
				78483A292326EE7000AA8362 /* Products */,
				114C8EEB8B709B6C5F081422 /* Pods */,
				71ECB886DA7827896EC35A76 /* Frameworks */,
			);
			sourceTree = "<group>";
		};
		78483A292326EE7000AA8362 /* Products */ = {
			isa = PBXGroup;
			children = (
				78483A282326EE7000AA8362 /* Swing Data.app */,
				78483A3C2326EE7400AA8362 /* Swing DataTests.xctest */,
				78483A472326EE7400AA8362 /* Swing DataUITests.xctest */,
			);
			name = Products;
			sourceTree = "<group>";
		};
		78483A2A2326EE7000AA8362 /* Swing Data */ = {
			isa = PBXGroup;
			children = (
				78483A762328141800AA8362 /* CustomViews */,
				78483A652327E0FE00AA8362 /* Resources */,
				78483A5C2326F28F00AA8362 /* latestSwing.csv */,
				78483A2B2326EE7000AA8362 /* AppDelegate.swift */,
				78483A2D2326EE7000AA8362 /* ViewController.swift */,
				78483A2F2326EE7000AA8362 /* Main.storyboard */,
				78483A322326EE7400AA8362 /* Assets.xcassets */,
				78483A342326EE7400AA8362 /* LaunchScreen.storyboard */,
				78483A372326EE7400AA8362 /* Info.plist */,
				78483A592326EEAE00AA8362 /* SwingData.swift */,
				78483A602326FE6400AA8362 /* CSV_Manipulation.swift */,
				78F1FACA23285CA50085BA7D /* PopupViewController.swift */,
			);
			path = "Swing Data";
			sourceTree = "<group>";
		};
		78483A3F2326EE7400AA8362 /* Swing DataTests */ = {
			isa = PBXGroup;
			children = (
				78483A402326EE7400AA8362 /* Swing_DataTests.swift */,
				78483A422326EE7400AA8362 /* Info.plist */,
			);
			path = "Swing DataTests";
			sourceTree = "<group>";
		};
		78483A4A2326EE7400AA8362 /* Swing DataUITests */ = {
			isa = PBXGroup;
			children = (
				78483A4B2326EE7400AA8362 /* Swing_DataUITests.swift */,
				78483A4D2326EE7400AA8362 /* Info.plist */,
			);
			path = "Swing DataUITests";
			sourceTree = "<group>";
		};
		78483A652327E0FE00AA8362 /* Resources */ = {
			isa = PBXGroup;
			children = (
				78483A662327E11000AA8362 /* baseballBackground.png */,
				78F1FAC623284FCD0085BA7D /* baseballBackground@2x.png */,
				78483A722327F4FD00AA8362 /* baseballBackground@3x.png */,
			);
			path = Resources;
			sourceTree = "<group>";
		};
		78483A762328141800AA8362 /* CustomViews */ = {
			isa = PBXGroup;
			children = (
				78483A772328144100AA8362 /* StyledButton.swift */,
			);
			path = CustomViews;
			sourceTree = "<group>";
		};
/* End PBXGroup section */

/* Begin PBXNativeTarget section */
		78483A272326EE7000AA8362 /* Swing Data */ = {
			isa = PBXNativeTarget;
			buildConfigurationList = 78483A502326EE7400AA8362 /* Build configuration list for PBXNativeTarget "Swing Data" */;
			buildPhases = (
				C64010D8075A306028869BE5 /* [CP] Check Pods Manifest.lock */,
				78483A242326EE7000AA8362 /* Sources */,
				78483A252326EE7000AA8362 /* Frameworks */,
				78483A262326EE7000AA8362 /* Resources */,
				C727FA69BC688343B8C22BA5 /* [CP] Embed Pods Frameworks */,
			);
			buildRules = (
			);
			dependencies = (
			);
			name = "Swing Data";
			productName = "Swing Data";
			productReference = 78483A282326EE7000AA8362 /* Swing Data.app */;
			productType = "com.apple.product-type.application";
		};
		78483A3B2326EE7400AA8362 /* Swing DataTests */ = {
			isa = PBXNativeTarget;
			buildConfigurationList = 78483A532326EE7400AA8362 /* Build configuration list for PBXNativeTarget "Swing DataTests" */;
			buildPhases = (
				B2DB3E2FFCB8E2A6CA036575 /* [CP] Check Pods Manifest.lock */,
				78483A382326EE7400AA8362 /* Sources */,
				78483A392326EE7400AA8362 /* Frameworks */,
				78483A3A2326EE7400AA8362 /* Resources */,
				F4712735D1C4647329383FE0 /* [CP] Embed Pods Frameworks */,
			);
			buildRules = (
			);
			dependencies = (
				78483A3E2326EE7400AA8362 /* PBXTargetDependency */,
			);
			name = "Swing DataTests";
			productName = "Swing DataTests";
			productReference = 78483A3C2326EE7400AA8362 /* Swing DataTests.xctest */;
			productType = "com.apple.product-type.bundle.unit-test";
		};
		78483A462326EE7400AA8362 /* Swing DataUITests */ = {
			isa = PBXNativeTarget;
			buildConfigurationList = 78483A562326EE7400AA8362 /* Build configuration list for PBXNativeTarget "Swing DataUITests" */;
			buildPhases = (
				939DE055EAFF4CB285BE1C6C /* [CP] Check Pods Manifest.lock */,
				78483A432326EE7400AA8362 /* Sources */,
				78483A442326EE7400AA8362 /* Frameworks */,
				78483A452326EE7400AA8362 /* Resources */,
				C57EFDA26556BB59BD5FA35C /* [CP] Embed Pods Frameworks */,
			);
			buildRules = (
			);
			dependencies = (
				78483A492326EE7400AA8362 /* PBXTargetDependency */,
			);
			name = "Swing DataUITests";
			productName = "Swing DataUITests";
			productReference = 78483A472326EE7400AA8362 /* Swing DataUITests.xctest */;
			productType = "com.apple.product-type.bundle.ui-testing";
		};
/* End PBXNativeTarget section */

/* Begin PBXProject section */
		78483A202326EE7000AA8362 /* Project object */ = {
			isa = PBXProject;
			attributes = {
				LastSwiftUpdateCheck = 1010;
				LastUpgradeCheck = 1010;
				ORGANIZATIONNAME = "Math and Coffee";
				TargetAttributes = {
					78483A272326EE7000AA8362 = {
						CreatedOnToolsVersion = 10.1;
					};
					78483A3B2326EE7400AA8362 = {
						CreatedOnToolsVersion = 10.1;
						TestTargetID = 78483A272326EE7000AA8362;
					};
					78483A462326EE7400AA8362 = {
						CreatedOnToolsVersion = 10.1;
						TestTargetID = 78483A272326EE7000AA8362;
					};
				};
			};
			buildConfigurationList = 78483A232326EE7000AA8362 /* Build configuration list for PBXProject "Swing Data" */;
			compatibilityVersion = "Xcode 9.3";
			developmentRegion = en;
			hasScannedForEncodings = 0;
			knownRegions = (
				en,
				Base,
			);
			mainGroup = 78483A1F2326EE7000AA8362;
			productRefGroup = 78483A292326EE7000AA8362 /* Products */;
			projectDirPath = "";
			projectRoot = "";
			targets = (
				78483A272326EE7000AA8362 /* Swing Data */,
				78483A3B2326EE7400AA8362 /* Swing DataTests */,
				78483A462326EE7400AA8362 /* Swing DataUITests */,
			);
		};
/* End PBXProject section */

/* Begin PBXResourcesBuildPhase section */
		78483A262326EE7000AA8362 /* Resources */ = {
			isa = PBXResourcesBuildPhase;
			buildActionMask = 2147483647;
			files = (
				78483A672327E11000AA8362 /* baseballBackground.png in Resources */,
				78F1FAC723284FCD0085BA7D /* baseballBackground@2x.png in Resources */,
				78483A362326EE7400AA8362 /* LaunchScreen.storyboard in Resources */,
				78483A332326EE7400AA8362 /* Assets.xcassets in Resources */,
				78483A5D2326F28F00AA8362 /* latestSwing.csv in Resources */,
				78483A732327F4FD00AA8362 /* baseballBackground@3x.png in Resources */,
				78483A312326EE7000AA8362 /* Main.storyboard in Resources */,
			);
			runOnlyForDeploymentPostprocessing = 0;
		};
		78483A3A2326EE7400AA8362 /* Resources */ = {
			isa = PBXResourcesBuildPhase;
			buildActionMask = 2147483647;
			files = (
				78F1FAC823284FCD0085BA7D /* baseballBackground@2x.png in Resources */,
				78483A742327F4FD00AA8362 /* baseballBackground@3x.png in Resources */,
				78483A682327E11000AA8362 /* baseballBackground.png in Resources */,
				78483A5E2326F28F00AA8362 /* latestSwing.csv in Resources */,
			);
			runOnlyForDeploymentPostprocessing = 0;
		};
		78483A452326EE7400AA8362 /* Resources */ = {
			isa = PBXResourcesBuildPhase;
			buildActionMask = 2147483647;
			files = (
				78F1FAC923284FCD0085BA7D /* baseballBackground@2x.png in Resources */,
				78483A5F2326F28F00AA8362 /* latestSwing.csv in Resources */,
				78483A692327E11000AA8362 /* baseballBackground.png in Resources */,
				78483A642327DEC900AA8362 /* Main.storyboard in Resources */,
				78483A752327F4FD00AA8362 /* baseballBackground@3x.png in Resources */,
			);
			runOnlyForDeploymentPostprocessing = 0;
		};
/* End PBXResourcesBuildPhase section */

/* Begin PBXShellScriptBuildPhase section */
		939DE055EAFF4CB285BE1C6C /* [CP] Check Pods Manifest.lock */ = {
			isa = PBXShellScriptBuildPhase;
			buildActionMask = 2147483647;
			files = (
			);
			inputFileListPaths = (
			);
			inputPaths = (
				"${PODS_PODFILE_DIR_PATH}/Podfile.lock",
				"${PODS_ROOT}/Manifest.lock",
			);
			name = "[CP] Check Pods Manifest.lock";
			outputFileListPaths = (
			);
			outputPaths = (
				"$(DERIVED_FILE_DIR)/Pods-Swing DataUITests-checkManifestLockResult.txt",
			);
			runOnlyForDeploymentPostprocessing = 0;
			shellPath = /bin/sh;
			shellScript = "diff \"${PODS_PODFILE_DIR_PATH}/Podfile.lock\" \"${PODS_ROOT}/Manifest.lock\" > /dev/null\nif [ $? != 0 ] ; then\n    # print error to STDERR\n    echo \"error: The sandbox is not in sync with the Podfile.lock. Run 'pod install' or update your CocoaPods installation.\" >&2\n    exit 1\nfi\n# This output is used by Xcode 'outputs' to avoid re-running this script phase.\necho \"SUCCESS\" > \"${SCRIPT_OUTPUT_FILE_0}\"\n";
			showEnvVarsInLog = 0;
		};
		B2DB3E2FFCB8E2A6CA036575 /* [CP] Check Pods Manifest.lock */ = {
			isa = PBXShellScriptBuildPhase;
			buildActionMask = 2147483647;
			files = (
			);
			inputFileListPaths = (
			);
			inputPaths = (
				"${PODS_PODFILE_DIR_PATH}/Podfile.lock",
				"${PODS_ROOT}/Manifest.lock",
			);
			name = "[CP] Check Pods Manifest.lock";
			outputFileListPaths = (
			);
			outputPaths = (
				"$(DERIVED_FILE_DIR)/Pods-Swing DataTests-checkManifestLockResult.txt",
			);
			runOnlyForDeploymentPostprocessing = 0;
			shellPath = /bin/sh;
			shellScript = "diff \"${PODS_PODFILE_DIR_PATH}/Podfile.lock\" \"${PODS_ROOT}/Manifest.lock\" > /dev/null\nif [ $? != 0 ] ; then\n    # print error to STDERR\n    echo \"error: The sandbox is not in sync with the Podfile.lock. Run 'pod install' or update your CocoaPods installation.\" >&2\n    exit 1\nfi\n# This output is used by Xcode 'outputs' to avoid re-running this script phase.\necho \"SUCCESS\" > \"${SCRIPT_OUTPUT_FILE_0}\"\n";
			showEnvVarsInLog = 0;
		};
		C57EFDA26556BB59BD5FA35C /* [CP] Embed Pods Frameworks */ = {
			isa = PBXShellScriptBuildPhase;
			buildActionMask = 2147483647;
			files = (
			);
			inputFileListPaths = (
			);
			inputPaths = (
				"${SRCROOT}/Pods/Target Support Files/Pods-Swing DataUITests/Pods-Swing DataUITests-frameworks.sh",
				"${BUILT_PRODUCTS_DIR}/Charts/Charts.framework",
			);
			name = "[CP] Embed Pods Frameworks";
			outputFileListPaths = (
			);
			outputPaths = (
				"${TARGET_BUILD_DIR}/${FRAMEWORKS_FOLDER_PATH}/Charts.framework",
			);
			runOnlyForDeploymentPostprocessing = 0;
			shellPath = /bin/sh;
			shellScript = "\"${SRCROOT}/Pods/Target Support Files/Pods-Swing DataUITests/Pods-Swing DataUITests-frameworks.sh\"\n";
			showEnvVarsInLog = 0;
		};
		C64010D8075A306028869BE5 /* [CP] Check Pods Manifest.lock */ = {
			isa = PBXShellScriptBuildPhase;
			buildActionMask = 2147483647;
			files = (
			);
			inputFileListPaths = (
			);
			inputPaths = (
				"${PODS_PODFILE_DIR_PATH}/Podfile.lock",
				"${PODS_ROOT}/Manifest.lock",
			);
			name = "[CP] Check Pods Manifest.lock";
			outputFileListPaths = (
			);
			outputPaths = (
				"$(DERIVED_FILE_DIR)/Pods-Swing Data-checkManifestLockResult.txt",
			);
			runOnlyForDeploymentPostprocessing = 0;
			shellPath = /bin/sh;
			shellScript = "diff \"${PODS_PODFILE_DIR_PATH}/Podfile.lock\" \"${PODS_ROOT}/Manifest.lock\" > /dev/null\nif [ $? != 0 ] ; then\n    # print error to STDERR\n    echo \"error: The sandbox is not in sync with the Podfile.lock. Run 'pod install' or update your CocoaPods installation.\" >&2\n    exit 1\nfi\n# This output is used by Xcode 'outputs' to avoid re-running this script phase.\necho \"SUCCESS\" > \"${SCRIPT_OUTPUT_FILE_0}\"\n";
			showEnvVarsInLog = 0;
		};
		C727FA69BC688343B8C22BA5 /* [CP] Embed Pods Frameworks */ = {
			isa = PBXShellScriptBuildPhase;
			buildActionMask = 2147483647;
			files = (
			);
			inputFileListPaths = (
			);
			inputPaths = (
				"${SRCROOT}/Pods/Target Support Files/Pods-Swing Data/Pods-Swing Data-frameworks.sh",
				"${BUILT_PRODUCTS_DIR}/Charts/Charts.framework",
			);
			name = "[CP] Embed Pods Frameworks";
			outputFileListPaths = (
			);
			outputPaths = (
				"${TARGET_BUILD_DIR}/${FRAMEWORKS_FOLDER_PATH}/Charts.framework",
			);
			runOnlyForDeploymentPostprocessing = 0;
			shellPath = /bin/sh;
			shellScript = "\"${SRCROOT}/Pods/Target Support Files/Pods-Swing Data/Pods-Swing Data-frameworks.sh\"\n";
			showEnvVarsInLog = 0;
		};
		F4712735D1C4647329383FE0 /* [CP] Embed Pods Frameworks */ = {
			isa = PBXShellScriptBuildPhase;
			buildActionMask = 2147483647;
			files = (
			);
			inputFileListPaths = (
			);
			inputPaths = (
				"${SRCROOT}/Pods/Target Support Files/Pods-Swing DataTests/Pods-Swing DataTests-frameworks.sh",
				"${BUILT_PRODUCTS_DIR}/Charts/Charts.framework",
			);
			name = "[CP] Embed Pods Frameworks";
			outputFileListPaths = (
			);
			outputPaths = (
				"${TARGET_BUILD_DIR}/${FRAMEWORKS_FOLDER_PATH}/Charts.framework",
			);
			runOnlyForDeploymentPostprocessing = 0;
			shellPath = /bin/sh;
			shellScript = "\"${SRCROOT}/Pods/Target Support Files/Pods-Swing DataTests/Pods-Swing DataTests-frameworks.sh\"\n";
			showEnvVarsInLog = 0;
		};
/* End PBXShellScriptBuildPhase section */

/* Begin PBXSourcesBuildPhase section */
		78483A242326EE7000AA8362 /* Sources */ = {
			isa = PBXSourcesBuildPhase;
			buildActionMask = 2147483647;
			files = (
				78483A2E2326EE7000AA8362 /* ViewController.swift in Sources */,
				78483A612326FE6400AA8362 /* CSV_Manipulation.swift in Sources */,
				78483A782328144100AA8362 /* StyledButton.swift in Sources */,
				78483A2C2326EE7000AA8362 /* AppDelegate.swift in Sources */,
				78483A5A2326EEAE00AA8362 /* SwingData.swift in Sources */,
				78F1FACB23285CA50085BA7D /* PopupViewController.swift in Sources */,
			);
			runOnlyForDeploymentPostprocessing = 0;
		};
		78483A382326EE7400AA8362 /* Sources */ = {
			isa = PBXSourcesBuildPhase;
			buildActionMask = 2147483647;
			files = (
				78F1FACC23285CA50085BA7D /* PopupViewController.swift in Sources */,
				78483A5B2326EEAE00AA8362 /* SwingData.swift in Sources */,
				78483A622326FE6400AA8362 /* CSV_Manipulation.swift in Sources */,
				78483A792328144100AA8362 /* StyledButton.swift in Sources */,
				78483A412326EE7400AA8362 /* Swing_DataTests.swift in Sources */,
			);
			runOnlyForDeploymentPostprocessing = 0;
		};
		78483A432326EE7400AA8362 /* Sources */ = {
			isa = PBXSourcesBuildPhase;
			buildActionMask = 2147483647;
			files = (
				78483A7A2328144100AA8362 /* StyledButton.swift in Sources */,
				78483A4C2326EE7400AA8362 /* Swing_DataUITests.swift in Sources */,
				78483A632326FE6400AA8362 /* CSV_Manipulation.swift in Sources */,
				78F1FACD23285CA50085BA7D /* PopupViewController.swift in Sources */,
			);
			runOnlyForDeploymentPostprocessing = 0;
		};
/* End PBXSourcesBuildPhase section */

/* Begin PBXTargetDependency section */
		78483A3E2326EE7400AA8362 /* PBXTargetDependency */ = {
			isa = PBXTargetDependency;
			target = 78483A272326EE7000AA8362 /* Swing Data */;
			targetProxy = 78483A3D2326EE7400AA8362 /* PBXContainerItemProxy */;
		};
		78483A492326EE7400AA8362 /* PBXTargetDependency */ = {
			isa = PBXTargetDependency;
			target = 78483A272326EE7000AA8362 /* Swing Data */;
			targetProxy = 78483A482326EE7400AA8362 /* PBXContainerItemProxy */;
		};
/* End PBXTargetDependency section */

/* Begin PBXVariantGroup section */
		78483A2F2326EE7000AA8362 /* Main.storyboard */ = {
			isa = PBXVariantGroup;
			children = (
				78483A302326EE7000AA8362 /* Base */,
			);
			name = Main.storyboard;
			sourceTree = "<group>";
		};
		78483A342326EE7400AA8362 /* LaunchScreen.storyboard */ = {
			isa = PBXVariantGroup;
			children = (
				78483A352326EE7400AA8362 /* Base */,
			);
			name = LaunchScreen.storyboard;
			sourceTree = "<group>";
		};
/* End PBXVariantGroup section */

/* Begin XCBuildConfiguration section */
		78483A4E2326EE7400AA8362 /* Debug */ = {
			isa = XCBuildConfiguration;
			buildSettings = {
				ALWAYS_SEARCH_USER_PATHS = NO;
				CLANG_ANALYZER_NONNULL = YES;
				CLANG_ANALYZER_NUMBER_OBJECT_CONVERSION = YES_AGGRESSIVE;
				CLANG_CXX_LANGUAGE_STANDARD = "gnu++14";
				CLANG_CXX_LIBRARY = "libc++";
				CLANG_ENABLE_MODULES = YES;
				CLANG_ENABLE_OBJC_ARC = YES;
				CLANG_ENABLE_OBJC_WEAK = YES;
				CLANG_WARN_BLOCK_CAPTURE_AUTORELEASING = YES;
				CLANG_WARN_BOOL_CONVERSION = YES;
				CLANG_WARN_COMMA = YES;
				CLANG_WARN_CONSTANT_CONVERSION = YES;
				CLANG_WARN_DEPRECATED_OBJC_IMPLEMENTATIONS = YES;
				CLANG_WARN_DIRECT_OBJC_ISA_USAGE = YES_ERROR;
				CLANG_WARN_DOCUMENTATION_COMMENTS = YES;
				CLANG_WARN_EMPTY_BODY = YES;
				CLANG_WARN_ENUM_CONVERSION = YES;
				CLANG_WARN_INFINITE_RECURSION = YES;
				CLANG_WARN_INT_CONVERSION = YES;
				CLANG_WARN_NON_LITERAL_NULL_CONVERSION = YES;
				CLANG_WARN_OBJC_IMPLICIT_RETAIN_SELF = YES;
				CLANG_WARN_OBJC_LITERAL_CONVERSION = YES;
				CLANG_WARN_OBJC_ROOT_CLASS = YES_ERROR;
				CLANG_WARN_RANGE_LOOP_ANALYSIS = YES;
				CLANG_WARN_STRICT_PROTOTYPES = YES;
				CLANG_WARN_SUSPICIOUS_MOVE = YES;
				CLANG_WARN_UNGUARDED_AVAILABILITY = YES_AGGRESSIVE;
				CLANG_WARN_UNREACHABLE_CODE = YES;
				CLANG_WARN__DUPLICATE_METHOD_MATCH = YES;
				CODE_SIGN_IDENTITY = "iPhone Developer";
				COPY_PHASE_STRIP = NO;
				DEBUG_INFORMATION_FORMAT = dwarf;
				ENABLE_STRICT_OBJC_MSGSEND = YES;
				ENABLE_TESTABILITY = YES;
				GCC_C_LANGUAGE_STANDARD = gnu11;
				GCC_DYNAMIC_NO_PIC = NO;
				GCC_NO_COMMON_BLOCKS = YES;
				GCC_OPTIMIZATION_LEVEL = 0;
				GCC_PREPROCESSOR_DEFINITIONS = (
					"DEBUG=1",
					"$(inherited)",
				);
				GCC_WARN_64_TO_32_BIT_CONVERSION = YES;
				GCC_WARN_ABOUT_RETURN_TYPE = YES_ERROR;
				GCC_WARN_UNDECLARED_SELECTOR = YES;
				GCC_WARN_UNINITIALIZED_AUTOS = YES_AGGRESSIVE;
				GCC_WARN_UNUSED_FUNCTION = YES;
				GCC_WARN_UNUSED_VARIABLE = YES;
				IPHONEOS_DEPLOYMENT_TARGET = 12.1;
				MTL_ENABLE_DEBUG_INFO = INCLUDE_SOURCE;
				MTL_FAST_MATH = YES;
				ONLY_ACTIVE_ARCH = YES;
				SDKROOT = iphoneos;
				SWIFT_ACTIVE_COMPILATION_CONDITIONS = DEBUG;
				SWIFT_OPTIMIZATION_LEVEL = "-Onone";
			};
			name = Debug;
		};
		78483A4F2326EE7400AA8362 /* Release */ = {
			isa = XCBuildConfiguration;
			buildSettings = {
				ALWAYS_SEARCH_USER_PATHS = NO;
				CLANG_ANALYZER_NONNULL = YES;
				CLANG_ANALYZER_NUMBER_OBJECT_CONVERSION = YES_AGGRESSIVE;
				CLANG_CXX_LANGUAGE_STANDARD = "gnu++14";
				CLANG_CXX_LIBRARY = "libc++";
				CLANG_ENABLE_MODULES = YES;
				CLANG_ENABLE_OBJC_ARC = YES;
				CLANG_ENABLE_OBJC_WEAK = YES;
				CLANG_WARN_BLOCK_CAPTURE_AUTORELEASING = YES;
				CLANG_WARN_BOOL_CONVERSION = YES;
				CLANG_WARN_COMMA = YES;
				CLANG_WARN_CONSTANT_CONVERSION = YES;
				CLANG_WARN_DEPRECATED_OBJC_IMPLEMENTATIONS = YES;
				CLANG_WARN_DIRECT_OBJC_ISA_USAGE = YES_ERROR;
				CLANG_WARN_DOCUMENTATION_COMMENTS = YES;
				CLANG_WARN_EMPTY_BODY = YES;
				CLANG_WARN_ENUM_CONVERSION = YES;
				CLANG_WARN_INFINITE_RECURSION = YES;
				CLANG_WARN_INT_CONVERSION = YES;
				CLANG_WARN_NON_LITERAL_NULL_CONVERSION = YES;
				CLANG_WARN_OBJC_IMPLICIT_RETAIN_SELF = YES;
				CLANG_WARN_OBJC_LITERAL_CONVERSION = YES;
				CLANG_WARN_OBJC_ROOT_CLASS = YES_ERROR;
				CLANG_WARN_RANGE_LOOP_ANALYSIS = YES;
				CLANG_WARN_STRICT_PROTOTYPES = YES;
				CLANG_WARN_SUSPICIOUS_MOVE = YES;
				CLANG_WARN_UNGUARDED_AVAILABILITY = YES_AGGRESSIVE;
				CLANG_WARN_UNREACHABLE_CODE = YES;
				CLANG_WARN__DUPLICATE_METHOD_MATCH = YES;
				CODE_SIGN_IDENTITY = "iPhone Developer";
				COPY_PHASE_STRIP = NO;
				DEBUG_INFORMATION_FORMAT = "dwarf-with-dsym";
				ENABLE_NS_ASSERTIONS = NO;
				ENABLE_STRICT_OBJC_MSGSEND = YES;
				GCC_C_LANGUAGE_STANDARD = gnu11;
				GCC_NO_COMMON_BLOCKS = YES;
				GCC_WARN_64_TO_32_BIT_CONVERSION = YES;
				GCC_WARN_ABOUT_RETURN_TYPE = YES_ERROR;
				GCC_WARN_UNDECLARED_SELECTOR = YES;
				GCC_WARN_UNINITIALIZED_AUTOS = YES_AGGRESSIVE;
				GCC_WARN_UNUSED_FUNCTION = YES;
				GCC_WARN_UNUSED_VARIABLE = YES;
				IPHONEOS_DEPLOYMENT_TARGET = 12.1;
				MTL_ENABLE_DEBUG_INFO = NO;
				MTL_FAST_MATH = YES;
				SDKROOT = iphoneos;
				SWIFT_COMPILATION_MODE = wholemodule;
				SWIFT_OPTIMIZATION_LEVEL = "-O";
				VALIDATE_PRODUCT = YES;
			};
			name = Release;
		};
		78483A512326EE7400AA8362 /* Debug */ = {
			isa = XCBuildConfiguration;
			baseConfigurationReference = E1065BBFBCCA6E500E13AC40 /* Pods-Swing Data.debug.xcconfig */;
			buildSettings = {
				ASSETCATALOG_COMPILER_APPICON_NAME = AppIcon;
				CODE_SIGN_STYLE = Automatic;
				DEVELOPMENT_TEAM = 9AD7VK53K2;
				INFOPLIST_FILE = "Swing Data/Info.plist";
				LD_RUNPATH_SEARCH_PATHS = (
					"$(inherited)",
					"@executable_path/Frameworks",
				);
				PRODUCT_BUNDLE_IDENTIFIER = "MathAndCoffee.Swing-Data";
				PRODUCT_NAME = "$(TARGET_NAME)";
				SWIFT_VERSION = 4.2;
				TARGETED_DEVICE_FAMILY = "1,2";
			};
			name = Debug;
		};
		78483A522326EE7400AA8362 /* Release */ = {
			isa = XCBuildConfiguration;
			baseConfigurationReference = 2622C87B1CD8D7CC75D35F67 /* Pods-Swing Data.release.xcconfig */;
			buildSettings = {
				ASSETCATALOG_COMPILER_APPICON_NAME = AppIcon;
				CODE_SIGN_STYLE = Automatic;
				DEVELOPMENT_TEAM = 9AD7VK53K2;
				INFOPLIST_FILE = "Swing Data/Info.plist";
				LD_RUNPATH_SEARCH_PATHS = (
					"$(inherited)",
					"@executable_path/Frameworks",
				);
				PRODUCT_BUNDLE_IDENTIFIER = "MathAndCoffee.Swing-Data";
				PRODUCT_NAME = "$(TARGET_NAME)";
				SWIFT_VERSION = 4.2;
				TARGETED_DEVICE_FAMILY = "1,2";
			};
			name = Release;
		};
		78483A542326EE7400AA8362 /* Debug */ = {
			isa = XCBuildConfiguration;
			baseConfigurationReference = C8608181CBD05210D0304CB6 /* Pods-Swing DataTests.debug.xcconfig */;
			buildSettings = {
				ALWAYS_EMBED_SWIFT_STANDARD_LIBRARIES = YES;
				BUNDLE_LOADER = "$(TEST_HOST)";
				CODE_SIGN_STYLE = Automatic;
				DEVELOPMENT_TEAM = 9AD7VK53K2;
				INFOPLIST_FILE = "Swing DataTests/Info.plist";
				LD_RUNPATH_SEARCH_PATHS = (
					"$(inherited)",
					"@executable_path/Frameworks",
					"@loader_path/Frameworks",
				);
				PRODUCT_BUNDLE_IDENTIFIER = "MathAndCoffee.Swing-DataTests";
				PRODUCT_NAME = "$(TARGET_NAME)";
				SWIFT_VERSION = 4.2;
				TARGETED_DEVICE_FAMILY = "1,2";
				TEST_HOST = "$(BUILT_PRODUCTS_DIR)/Swing Data.app/Swing Data";
			};
			name = Debug;
		};
		78483A552326EE7400AA8362 /* Release */ = {
			isa = XCBuildConfiguration;
			baseConfigurationReference = 64186AECF33CE22DD711D1DF /* Pods-Swing DataTests.release.xcconfig */;
			buildSettings = {
				ALWAYS_EMBED_SWIFT_STANDARD_LIBRARIES = YES;
				BUNDLE_LOADER = "$(TEST_HOST)";
				CODE_SIGN_STYLE = Automatic;
				DEVELOPMENT_TEAM = 9AD7VK53K2;
				INFOPLIST_FILE = "Swing DataTests/Info.plist";
				LD_RUNPATH_SEARCH_PATHS = (
					"$(inherited)",
					"@executable_path/Frameworks",
					"@loader_path/Frameworks",
				);
				PRODUCT_BUNDLE_IDENTIFIER = "MathAndCoffee.Swing-DataTests";
				PRODUCT_NAME = "$(TARGET_NAME)";
				SWIFT_VERSION = 4.2;
				TARGETED_DEVICE_FAMILY = "1,2";
				TEST_HOST = "$(BUILT_PRODUCTS_DIR)/Swing Data.app/Swing Data";
			};
			name = Release;
		};
		78483A572326EE7400AA8362 /* Debug */ = {
			isa = XCBuildConfiguration;
			baseConfigurationReference = B5ED7EE843E034A9C4FE68C9 /* Pods-Swing DataUITests.debug.xcconfig */;
			buildSettings = {
				ALWAYS_EMBED_SWIFT_STANDARD_LIBRARIES = YES;
				CODE_SIGN_STYLE = Automatic;
				DEVELOPMENT_TEAM = 9AD7VK53K2;
				INFOPLIST_FILE = "Swing DataUITests/Info.plist";
				LD_RUNPATH_SEARCH_PATHS = (
					"$(inherited)",
					"@executable_path/Frameworks",
					"@loader_path/Frameworks",
				);
				PRODUCT_BUNDLE_IDENTIFIER = "MathAndCoffee.Swing-DataUITests";
				PRODUCT_NAME = "$(TARGET_NAME)";
				SWIFT_VERSION = 4.2;
				TARGETED_DEVICE_FAMILY = "1,2";
				TEST_TARGET_NAME = "Swing Data";
			};
			name = Debug;
		};
		78483A582326EE7400AA8362 /* Release */ = {
			isa = XCBuildConfiguration;
			baseConfigurationReference = B18D4990F782D55FE31E8105 /* Pods-Swing DataUITests.release.xcconfig */;
			buildSettings = {
				ALWAYS_EMBED_SWIFT_STANDARD_LIBRARIES = YES;
				CODE_SIGN_STYLE = Automatic;
				DEVELOPMENT_TEAM = 9AD7VK53K2;
				INFOPLIST_FILE = "Swing DataUITests/Info.plist";
				LD_RUNPATH_SEARCH_PATHS = (
					"$(inherited)",
					"@executable_path/Frameworks",
					"@loader_path/Frameworks",
				);
				PRODUCT_BUNDLE_IDENTIFIER = "MathAndCoffee.Swing-DataUITests";
				PRODUCT_NAME = "$(TARGET_NAME)";
				SWIFT_VERSION = 4.2;
				TARGETED_DEVICE_FAMILY = "1,2";
				TEST_TARGET_NAME = "Swing Data";
			};
			name = Release;
		};
/* End XCBuildConfiguration section */

/* Begin XCConfigurationList section */
		78483A232326EE7000AA8362 /* Build configuration list for PBXProject "Swing Data" */ = {
			isa = XCConfigurationList;
			buildConfigurations = (
				78483A4E2326EE7400AA8362 /* Debug */,
				78483A4F2326EE7400AA8362 /* Release */,
			);
			defaultConfigurationIsVisible = 0;
			defaultConfigurationName = Release;
		};
		78483A502326EE7400AA8362 /* Build configuration list for PBXNativeTarget "Swing Data" */ = {
			isa = XCConfigurationList;
			buildConfigurations = (
				78483A512326EE7400AA8362 /* Debug */,
				78483A522326EE7400AA8362 /* Release */,
			);
			defaultConfigurationIsVisible = 0;
			defaultConfigurationName = Release;
		};
		78483A532326EE7400AA8362 /* Build configuration list for PBXNativeTarget "Swing DataTests" */ = {
			isa = XCConfigurationList;
			buildConfigurations = (
				78483A542326EE7400AA8362 /* Debug */,
				78483A552326EE7400AA8362 /* Release */,
			);
			defaultConfigurationIsVisible = 0;
			defaultConfigurationName = Release;
		};
		78483A562326EE7400AA8362 /* Build configuration list for PBXNativeTarget "Swing DataUITests" */ = {
			isa = XCConfigurationList;
			buildConfigurations = (
				78483A572326EE7400AA8362 /* Debug */,
				78483A582326EE7400AA8362 /* Release */,
			);
			defaultConfigurationIsVisible = 0;
			defaultConfigurationName = Release;
		};
/* End XCConfigurationList section */
	};
	rootObject = 78483A202326EE7000AA8362 /* Project object */;
}
